// !$*UTF8*$!
{
	archiveVersion = 1;
	classes = {
	};
	objectVersion = 55;
	objects = {

/* Begin PBXBuildFile section */
		0C7F4B188DFE1644B1121E47 /* Pods_SimpleSocialApp.framework in Frameworks */ = {isa = PBXBuildFile; fileRef = 64D80149E7FB73D52AE7B054 /* Pods_SimpleSocialApp.framework */; };
		5E41097A27A5E0E6000F7857 /* AppDelegate.swift in Sources */ = {isa = PBXBuildFile; fileRef = 5E41097927A5E0E6000F7857 /* AppDelegate.swift */; };
		5E41097C27A5E0E6000F7857 /* SceneDelegate.swift in Sources */ = {isa = PBXBuildFile; fileRef = 5E41097B27A5E0E6000F7857 /* SceneDelegate.swift */; };
		5E41097E27A5E0E6000F7857 /* ViewController.swift in Sources */ = {isa = PBXBuildFile; fileRef = 5E41097D27A5E0E6000F7857 /* ViewController.swift */; };
		5E41098127A5E0E6000F7857 /* Main.storyboard in Resources */ = {isa = PBXBuildFile; fileRef = 5E41097F27A5E0E6000F7857 /* Main.storyboard */; };
		5E41098327A5E0EA000F7857 /* Assets.xcassets in Resources */ = {isa = PBXBuildFile; fileRef = 5E41098227A5E0EA000F7857 /* Assets.xcassets */; };
		5E41098627A5E0EA000F7857 /* LaunchScreen.storyboard in Resources */ = {isa = PBXBuildFile; fileRef = 5E41098427A5E0EA000F7857 /* LaunchScreen.storyboard */; };
		5E41098E27A68A28000F7857 /* GoogleService-Info.plist in Resources */ = {isa = PBXBuildFile; fileRef = 5E41098D27A68A28000F7857 /* GoogleService-Info.plist */; };
		5E41099027A69C16000F7857 /* FeedVC.swift in Sources */ = {isa = PBXBuildFile; fileRef = 5E41098F27A69C16000F7857 /* FeedVC.swift */; };
		5E41099227A69C27000F7857 /* UploadVC.swift in Sources */ = {isa = PBXBuildFile; fileRef = 5E41099127A69C27000F7857 /* UploadVC.swift */; };
		5E41099427A69C3F000F7857 /* SettingsVC.swift in Sources */ = {isa = PBXBuildFile; fileRef = 5E41099327A69C3F000F7857 /* SettingsVC.swift */; };
		5E41099627A6F923000F7857 /* FeedTVC.swift in Sources */ = {isa = PBXBuildFile; fileRef = 5E41099527A6F923000F7857 /* FeedTVC.swift */; };
/* End PBXBuildFile section */

/* Begin PBXFileReference section */
		5E41097627A5E0E6000F7857 /* SimpleSocialApp.app */ = {isa = PBXFileReference; explicitFileType = wrapper.application; includeInIndex = 0; path = SimpleSocialApp.app; sourceTree = BUILT_PRODUCTS_DIR; };
		5E41097927A5E0E6000F7857 /* AppDelegate.swift */ = {isa = PBXFileReference; lastKnownFileType = sourcecode.swift; path = AppDelegate.swift; sourceTree = "<group>"; };
		5E41097B27A5E0E6000F7857 /* SceneDelegate.swift */ = {isa = PBXFileReference; lastKnownFileType = sourcecode.swift; path = SceneDelegate.swift; sourceTree = "<group>"; };
		5E41097D27A5E0E6000F7857 /* ViewController.swift */ = {isa = PBXFileReference; lastKnownFileType = sourcecode.swift; path = ViewController.swift; sourceTree = "<group>"; };
		5E41098027A5E0E6000F7857 /* Base */ = {isa = PBXFileReference; lastKnownFileType = file.storyboard; name = Base; path = Base.lproj/Main.storyboard; sourceTree = "<group>"; };
		5E41098227A5E0EA000F7857 /* Assets.xcassets */ = {isa = PBXFileReference; lastKnownFileType = folder.assetcatalog; path = Assets.xcassets; sourceTree = "<group>"; };
		5E41098527A5E0EA000F7857 /* Base */ = {isa = PBXFileReference; lastKnownFileType = file.storyboard; name = Base; path = Base.lproj/LaunchScreen.storyboard; sourceTree = "<group>"; };
		5E41098727A5E0EA000F7857 /* Info.plist */ = {isa = PBXFileReference; lastKnownFileType = text.plist.xml; path = Info.plist; sourceTree = "<group>"; };
		5E41098D27A68A28000F7857 /* GoogleService-Info.plist */ = {isa = PBXFileReference; fileEncoding = 4; lastKnownFileType = text.plist.xml; path = "GoogleService-Info.plist"; sourceTree = "<group>"; };
		5E41098F27A69C16000F7857 /* FeedVC.swift */ = {isa = PBXFileReference; lastKnownFileType = sourcecode.swift; path = FeedVC.swift; sourceTree = "<group>"; };
		5E41099127A69C27000F7857 /* UploadVC.swift */ = {isa = PBXFileReference; lastKnownFileType = sourcecode.swift; path = UploadVC.swift; sourceTree = "<group>"; };
		5E41099327A69C3F000F7857 /* SettingsVC.swift */ = {isa = PBXFileReference; lastKnownFileType = sourcecode.swift; path = SettingsVC.swift; sourceTree = "<group>"; };
		5E41099527A6F923000F7857 /* FeedTVC.swift */ = {isa = PBXFileReference; lastKnownFileType = sourcecode.swift; path = FeedTVC.swift; sourceTree = "<group>"; };
		64D80149E7FB73D52AE7B054 /* Pods_SimpleSocialApp.framework */ = {isa = PBXFileReference; explicitFileType = wrapper.framework; includeInIndex = 0; path = Pods_SimpleSocialApp.framework; sourceTree = BUILT_PRODUCTS_DIR; };
		C3231B973CCB8C214034DC25 /* Pods-SimpleSocialApp.release.xcconfig */ = {isa = PBXFileReference; includeInIndex = 1; lastKnownFileType = text.xcconfig; name = "Pods-SimpleSocialApp.release.xcconfig"; path = "Target Support Files/Pods-SimpleSocialApp/Pods-SimpleSocialApp.release.xcconfig"; sourceTree = "<group>"; };
		E39A73076489670BA4CE3F72 /* Pods-SimpleSocialApp.debug.xcconfig */ = {isa = PBXFileReference; includeInIndex = 1; lastKnownFileType = text.xcconfig; name = "Pods-SimpleSocialApp.debug.xcconfig"; path = "Target Support Files/Pods-SimpleSocialApp/Pods-SimpleSocialApp.debug.xcconfig"; sourceTree = "<group>"; };
/* End PBXFileReference section */

/* Begin PBXFrameworksBuildPhase section */
		5E41097327A5E0E6000F7857 /* Frameworks */ = {
			isa = PBXFrameworksBuildPhase;
			buildActionMask = 2147483647;
			files = (
				0C7F4B188DFE1644B1121E47 /* Pods_SimpleSocialApp.framework in Frameworks */,
			);
			runOnlyForDeploymentPostprocessing = 0;
		};
/* End PBXFrameworksBuildPhase section */

/* Begin PBXGroup section */
		5E41096D27A5E0E6000F7857 = {
			isa = PBXGroup;
			children = (
				5E41097827A5E0E6000F7857 /* SimpleSocialApp */,
				5E41097727A5E0E6000F7857 /* Products */,
				DACDA3D3F644533F3F3AACA4 /* Pods */,
				AC129CB6047C1DC78261B693 /* Frameworks */,
			);
			sourceTree = "<group>";
		};
		5E41097727A5E0E6000F7857 /* Products */ = {
			isa = PBXGroup;
			children = (
				5E41097627A5E0E6000F7857 /* SimpleSocialApp.app */,
			);
			name = Products;
			sourceTree = "<group>";
		};
		5E41097827A5E0E6000F7857 /* SimpleSocialApp */ = {
			isa = PBXGroup;
			children = (
				5E41097927A5E0E6000F7857 /* AppDelegate.swift */,
				5E41097B27A5E0E6000F7857 /* SceneDelegate.swift */,
				5E41097D27A5E0E6000F7857 /* ViewController.swift */,
				5E41099127A69C27000F7857 /* UploadVC.swift */,
				5E41099327A69C3F000F7857 /* SettingsVC.swift */,
				5E41098F27A69C16000F7857 /* FeedVC.swift */,
				5E41097F27A5E0E6000F7857 /* Main.storyboard */,
				5E41098D27A68A28000F7857 /* GoogleService-Info.plist */,
				5E41098227A5E0EA000F7857 /* Assets.xcassets */,
				5E41098427A5E0EA000F7857 /* LaunchScreen.storyboard */,
				5E41098727A5E0EA000F7857 /* Info.plist */,
				5E41099527A6F923000F7857 /* FeedTVC.swift */,
			);
			path = SimpleSocialApp;
			sourceTree = "<group>";
		};
		AC129CB6047C1DC78261B693 /* Frameworks */ = {
			isa = PBXGroup;
			children = (
				64D80149E7FB73D52AE7B054 /* Pods_SimpleSocialApp.framework */,
			);
			name = Frameworks;
			sourceTree = "<group>";
		};
		DACDA3D3F644533F3F3AACA4 /* Pods */ = {
			isa = PBXGroup;
			children = (
				E39A73076489670BA4CE3F72 /* Pods-SimpleSocialApp.debug.xcconfig */,
				C3231B973CCB8C214034DC25 /* Pods-SimpleSocialApp.release.xcconfig */,
			);
			path = Pods;
			sourceTree = "<group>";
		};
/* End PBXGroup section */

/* Begin PBXNativeTarget section */
		5E41097527A5E0E6000F7857 /* SimpleSocialApp */ = {
			isa = PBXNativeTarget;
			buildConfigurationList = 5E41098A27A5E0EA000F7857 /* Build configuration list for PBXNativeTarget "SimpleSocialApp" */;
			buildPhases = (
				1221EFC8F95D11BB3BA9C7CF /* [CP] Check Pods Manifest.lock */,
				5E41097227A5E0E6000F7857 /* Sources */,
				5E41097327A5E0E6000F7857 /* Frameworks */,
				5E41097427A5E0E6000F7857 /* Resources */,
				36B728414C9500D9FECE3E4A /* [CP] Embed Pods Frameworks */,
			);
			buildRules = (
			);
			dependencies = (
			);
			name = SimpleSocialApp;
			productName = SimpleSocialApp;
			productReference = 5E41097627A5E0E6000F7857 /* SimpleSocialApp.app */;
			productType = "com.apple.product-type.application";
		};
/* End PBXNativeTarget section */

/* Begin PBXProject section */
		5E41096E27A5E0E6000F7857 /* Project object */ = {
			isa = PBXProject;
			attributes = {
				BuildIndependentTargetsInParallel = 1;
				LastSwiftUpdateCheck = 1320;
				LastUpgradeCheck = 1320;
				TargetAttributes = {
					5E41097527A5E0E6000F7857 = {
						CreatedOnToolsVersion = 13.2.1;
					};
				};
			};
			buildConfigurationList = 5E41097127A5E0E6000F7857 /* Build configuration list for PBXProject "SimpleSocialApp" */;
			compatibilityVersion = "Xcode 13.0";
			developmentRegion = en;
			hasScannedForEncodings = 0;
			knownRegions = (
				en,
				Base,
			);
			mainGroup = 5E41096D27A5E0E6000F7857;
			productRefGroup = 5E41097727A5E0E6000F7857 /* Products */;
			projectDirPath = "";
			projectRoot = "";
			targets = (
				5E41097527A5E0E6000F7857 /* SimpleSocialApp */,
			);
		};
/* End PBXProject section */

/* Begin PBXResourcesBuildPhase section */
		5E41097427A5E0E6000F7857 /* Resources */ = {
			isa = PBXResourcesBuildPhase;
			buildActionMask = 2147483647;
			files = (
				5E41098627A5E0EA000F7857 /* LaunchScreen.storyboard in Resources */,
				5E41098E27A68A28000F7857 /* GoogleService-Info.plist in Resources */,
				5E41098327A5E0EA000F7857 /* Assets.xcassets in Resources */,
				5E41098127A5E0E6000F7857 /* Main.storyboard in Resources */,
			);
			runOnlyForDeploymentPostprocessing = 0;
		};
/* End PBXResourcesBuildPhase section */

/* Begin PBXShellScriptBuildPhase section */
		1221EFC8F95D11BB3BA9C7CF /* [CP] Check Pods Manifest.lock */ = {
			isa = PBXShellScriptBuildPhase;
			buildActionMask = 2147483647;
			files = (
			);
			inputFileListPaths = (
			);
			inputPaths = (
				"${PODS_PODFILE_DIR_PATH}/Podfile.lock",
				"${PODS_ROOT}/Manifest.lock",
			);
			name = "[CP] Check Pods Manifest.lock";
			outputFileListPaths = (
			);
			outputPaths = (
				"$(DERIVED_FILE_DIR)/Pods-SimpleSocialApp-checkManifestLockResult.txt",
			);
			runOnlyForDeploymentPostprocessing = 0;
			shellPath = /bin/sh;
			shellScript = "diff \"${PODS_PODFILE_DIR_PATH}/Podfile.lock\" \"${PODS_ROOT}/Manifest.lock\" > /dev/null\nif [ $? != 0 ] ; then\n    # print error to STDERR\n    echo \"error: The sandbox is not in sync with the Podfile.lock. Run 'pod install' or update your CocoaPods installation.\" >&2\n    exit 1\nfi\n# This output is used by Xcode 'outputs' to avoid re-running this script phase.\necho \"SUCCESS\" > \"${SCRIPT_OUTPUT_FILE_0}\"\n";
			showEnvVarsInLog = 0;
		};
		36B728414C9500D9FECE3E4A /* [CP] Embed Pods Frameworks */ = {
			isa = PBXShellScriptBuildPhase;
			buildActionMask = 2147483647;
			files = (
			);
			inputFileListPaths = (
				"${PODS_ROOT}/Target Support Files/Pods-SimpleSocialApp/Pods-SimpleSocialApp-frameworks-${CONFIGURATION}-input-files.xcfilelist",
			);
			name = "[CP] Embed Pods Frameworks";
			outputFileListPaths = (
				"${PODS_ROOT}/Target Support Files/Pods-SimpleSocialApp/Pods-SimpleSocialApp-frameworks-${CONFIGURATION}-output-files.xcfilelist",
			);
			runOnlyForDeploymentPostprocessing = 0;
			shellPath = /bin/sh;
			shellScript = "\"${PODS_ROOT}/Target Support Files/Pods-SimpleSocialApp/Pods-SimpleSocialApp-frameworks.sh\"\n";
			showEnvVarsInLog = 0;
		};
/* End PBXShellScriptBuildPhase section */

/* Begin PBXSourcesBuildPhase section */
		5E41097227A5E0E6000F7857 /* Sources */ = {
			isa = PBXSourcesBuildPhase;
			buildActionMask = 2147483647;
			files = (
				5E41099027A69C16000F7857 /* FeedVC.swift in Sources */,
				5E41097E27A5E0E6000F7857 /* ViewController.swift in Sources */,
				5E41097A27A5E0E6000F7857 /* AppDelegate.swift in Sources */,
				5E41099227A69C27000F7857 /* UploadVC.swift in Sources */,
				5E41097C27A5E0E6000F7857 /* SceneDelegate.swift in Sources */,
				5E41099427A69C3F000F7857 /* SettingsVC.swift in Sources */,
				5E41099627A6F923000F7857 /* FeedTVC.swift in Sources */,
			);
			runOnlyForDeploymentPostprocessing = 0;
		};
/* End PBXSourcesBuildPhase section */

/* Begin PBXVariantGroup section */
		5E41097F27A5E0E6000F7857 /* Main.storyboard */ = {
			isa = PBXVariantGroup;
			children = (
				5E41098027A5E0E6000F7857 /* Base */,
			);
			name = Main.storyboard;
			sourceTree = "<group>";
		};
		5E41098427A5E0EA000F7857 /* LaunchScreen.storyboard */ = {
			isa = PBXVariantGroup;
			children = (
				5E41098527A5E0EA000F7857 /* Base */,
			);
			name = LaunchScreen.storyboard;
			sourceTree = "<group>";
		};
/* End PBXVariantGroup section */

/* Begin XCBuildConfiguration section */
		5E41098827A5E0EA000F7857 /* Debug */ = {
			isa = XCBuildConfiguration;
			buildSettings = {
				ALWAYS_SEARCH_USER_PATHS = NO;
				CLANG_ANALYZER_NONNULL = YES;
				CLANG_ANALYZER_NUMBER_OBJECT_CONVERSION = YES_AGGRESSIVE;
				CLANG_CXX_LANGUAGE_STANDARD = "gnu++17";
				CLANG_CXX_LIBRARY = "libc++";
				CLANG_ENABLE_MODULES = YES;
				CLANG_ENABLE_OBJC_ARC = YES;
				CLANG_ENABLE_OBJC_WEAK = YES;
				CLANG_WARN_BLOCK_CAPTURE_AUTORELEASING = YES;
				CLANG_WARN_BOOL_CONVERSION = YES;
				CLANG_WARN_COMMA = YES;
				CLANG_WARN_CONSTANT_CONVERSION = YES;
				CLANG_WARN_DEPRECATED_OBJC_IMPLEMENTATIONS = YES;
				CLANG_WARN_DIRECT_OBJC_ISA_USAGE = YES_ERROR;
				CLANG_WARN_DOCUMENTATION_COMMENTS = YES;
				CLANG_WARN_EMPTY_BODY = YES;
				CLANG_WARN_ENUM_CONVERSION = YES;
				CLANG_WARN_INFINITE_RECURSION = YES;
				CLANG_WARN_INT_CONVERSION = YES;
				CLANG_WARN_NON_LITERAL_NULL_CONVERSION = YES;
				CLANG_WARN_OBJC_IMPLICIT_RETAIN_SELF = YES;
				CLANG_WARN_OBJC_LITERAL_CONVERSION = YES;
				CLANG_WARN_OBJC_ROOT_CLASS = YES_ERROR;
				CLANG_WARN_QUOTED_INCLUDE_IN_FRAMEWORK_HEADER = YES;
				CLANG_WARN_RANGE_LOOP_ANALYSIS = YES;
				CLANG_WARN_STRICT_PROTOTYPES = YES;
				CLANG_WARN_SUSPICIOUS_MOVE = YES;
				CLANG_WARN_UNGUARDED_AVAILABILITY = YES_AGGRESSIVE;
				CLANG_WARN_UNREACHABLE_CODE = YES;
				CLANG_WARN__DUPLICATE_METHOD_MATCH = YES;
				COPY_PHASE_STRIP = NO;
				DEBUG_INFORMATION_FORMAT = dwarf;
				ENABLE_STRICT_OBJC_MSGSEND = YES;
				ENABLE_TESTABILITY = YES;
				GCC_C_LANGUAGE_STANDARD = gnu11;
				GCC_DYNAMIC_NO_PIC = NO;
				GCC_NO_COMMON_BLOCKS = YES;
				GCC_OPTIMIZATION_LEVEL = 0;
				GCC_PREPROCESSOR_DEFINITIONS = (
					"DEBUG=1",
					"$(inherited)",
				);
				GCC_WARN_64_TO_32_BIT_CONVERSION = YES;
				GCC_WARN_ABOUT_RETURN_TYPE = YES_ERROR;
				GCC_WARN_UNDECLARED_SELECTOR = YES;
				GCC_WARN_UNINITIALIZED_AUTOS = YES_AGGRESSIVE;
				GCC_WARN_UNUSED_FUNCTION = YES;
				GCC_WARN_UNUSED_VARIABLE = YES;
				IPHONEOS_DEPLOYMENT_TARGET = 15.2;
				MTL_ENABLE_DEBUG_INFO = INCLUDE_SOURCE;
				MTL_FAST_MATH = YES;
				ONLY_ACTIVE_ARCH = YES;
				SDKROOT = iphoneos;
				SWIFT_ACTIVE_COMPILATION_CONDITIONS = DEBUG;
				SWIFT_OPTIMIZATION_LEVEL = "-Onone";
			};
			name = Debug;
		};
		5E41098927A5E0EA000F7857 /* Release */ = {
			isa = XCBuildConfiguration;
			buildSettings = {
				ALWAYS_SEARCH_USER_PATHS = NO;
				CLANG_ANALYZER_NONNULL = YES;
				CLANG_ANALYZER_NUMBER_OBJECT_CONVERSION = YES_AGGRESSIVE;
				CLANG_CXX_LANGUAGE_STANDARD = "gnu++17";
				CLANG_CXX_LIBRARY = "libc++";
				CLANG_ENABLE_MODULES = YES;
				CLANG_ENABLE_OBJC_ARC = YES;
				CLANG_ENABLE_OBJC_WEAK = YES;
				CLANG_WARN_BLOCK_CAPTURE_AUTORELEASING = YES;
				CLANG_WARN_BOOL_CONVERSION = YES;
				CLANG_WARN_COMMA = YES;
				CLANG_WARN_CONSTANT_CONVERSION = YES;
				CLANG_WARN_DEPRECATED_OBJC_IMPLEMENTATIONS = YES;
				CLANG_WARN_DIRECT_OBJC_ISA_USAGE = YES_ERROR;
				CLANG_WARN_DOCUMENTATION_COMMENTS = YES;
				CLANG_WARN_EMPTY_BODY = YES;
				CLANG_WARN_ENUM_CONVERSION = YES;
				CLANG_WARN_INFINITE_RECURSION = YES;
				CLANG_WARN_INT_CONVERSION = YES;
				CLANG_WARN_NON_LITERAL_NULL_CONVERSION = YES;
				CLANG_WARN_OBJC_IMPLICIT_RETAIN_SELF = YES;
				CLANG_WARN_OBJC_LITERAL_CONVERSION = YES;
				CLANG_WARN_OBJC_ROOT_CLASS = YES_ERROR;
				CLANG_WARN_QUOTED_INCLUDE_IN_FRAMEWORK_HEADER = YES;
				CLANG_WARN_RANGE_LOOP_ANALYSIS = YES;
				CLANG_WARN_STRICT_PROTOTYPES = YES;
				CLANG_WARN_SUSPICIOUS_MOVE = YES;
				CLANG_WARN_UNGUARDED_AVAILABILITY = YES_AGGRESSIVE;
				CLANG_WARN_UNREACHABLE_CODE = YES;
				CLANG_WARN__DUPLICATE_METHOD_MATCH = YES;
				COPY_PHASE_STRIP = NO;
				DEBUG_INFORMATION_FORMAT = "dwarf-with-dsym";
				ENABLE_NS_ASSERTIONS = NO;
				ENABLE_STRICT_OBJC_MSGSEND = YES;
				GCC_C_LANGUAGE_STANDARD = gnu11;
				GCC_NO_COMMON_BLOCKS = YES;
				GCC_WARN_64_TO_32_BIT_CONVERSION = YES;
				GCC_WARN_ABOUT_RETURN_TYPE = YES_ERROR;
				GCC_WARN_UNDECLARED_SELECTOR = YES;
				GCC_WARN_UNINITIALIZED_AUTOS = YES_AGGRESSIVE;
				GCC_WARN_UNUSED_FUNCTION = YES;
				GCC_WARN_UNUSED_VARIABLE = YES;
				IPHONEOS_DEPLOYMENT_TARGET = 15.2;
				MTL_ENABLE_DEBUG_INFO = NO;
				MTL_FAST_MATH = YES;
				SDKROOT = iphoneos;
				SWIFT_COMPILATION_MODE = wholemodule;
				SWIFT_OPTIMIZATION_LEVEL = "-O";
				VALIDATE_PRODUCT = YES;
			};
			name = Release;
		};
		5E41098B27A5E0EA000F7857 /* Debug */ = {
			isa = XCBuildConfiguration;
			baseConfigurationReference = E39A73076489670BA4CE3F72 /* Pods-SimpleSocialApp.debug.xcconfig */;
			buildSettings = {
				ASSETCATALOG_COMPILER_APPICON_NAME = AppIcon;
				ASSETCATALOG_COMPILER_GLOBAL_ACCENT_COLOR_NAME = AccentColor;
				CODE_SIGN_STYLE = Automatic;
				CURRENT_PROJECT_VERSION = 1;
				DEVELOPMENT_TEAM = SS2CH8F6CH;
				GENERATE_INFOPLIST_FILE = YES;
				INFOPLIST_FILE = SimpleSocialApp/Info.plist;
				INFOPLIST_KEY_UIApplicationSupportsIndirectInputEvents = YES;
				INFOPLIST_KEY_UILaunchStoryboardName = LaunchScreen;
				INFOPLIST_KEY_UIMainStoryboardFile = Main;
				INFOPLIST_KEY_UISupportedInterfaceOrientations = "UIInterfaceOrientationPortrait UIInterfaceOrientationLandscapeLeft UIInterfaceOrientationLandscapeRight";
				INFOPLIST_KEY_UISupportedInterfaceOrientations_iPad = "UIInterfaceOrientationPortrait UIInterfaceOrientationPortraitUpsideDown UIInterfaceOrientationLandscapeLeft UIInterfaceOrientationLandscapeRight";
				INFOPLIST_KEY_UISupportedInterfaceOrientations_iPhone = "UIInterfaceOrientationPortrait UIInterfaceOrientationLandscapeLeft UIInterfaceOrientationLandscapeRight";
				IPHONEOS_DEPLOYMENT_TARGET = 15.2;
				LD_RUNPATH_SEARCH_PATHS = (
					"$(inherited)",
					"@executable_path/Frameworks",
				);
				MARKETING_VERSION = 1.0;
				PRODUCT_BUNDLE_IDENTIFIER = com.hamitseyrek.SimpleSocialApp;
				PRODUCT_NAME = "$(TARGET_NAME)";
				SWIFT_EMIT_LOC_STRINGS = YES;
				SWIFT_VERSION = 5.0;
				TARGETED_DEVICE_FAMILY = "1,2";
			};
			name = Debug;
		};
		5E41098C27A5E0EA000F7857 /* Release */ = {
			isa = XCBuildConfiguration;
			baseConfigurationReference = C3231B973CCB8C214034DC25 /* Pods-SimpleSocialApp.release.xcconfig */;
			buildSettings = {
				ASSETCATALOG_COMPILER_APPICON_NAME = AppIcon;
				ASSETCATALOG_COMPILER_GLOBAL_ACCENT_COLOR_NAME = AccentColor;
				CODE_SIGN_STYLE = Automatic;
				CURRENT_PROJECT_VERSION = 1;
				DEVELOPMENT_TEAM = SS2CH8F6CH;
				GENERATE_INFOPLIST_FILE = YES;
				INFOPLIST_FILE = SimpleSocialApp/Info.plist;
				INFOPLIST_KEY_UIApplicationSupportsIndirectInputEvents = YES;
				INFOPLIST_KEY_UILaunchStoryboardName = LaunchScreen;
				INFOPLIST_KEY_UIMainStoryboardFile = Main;
				INFOPLIST_KEY_UISupportedInterfaceOrientations = "UIInterfaceOrientationPortrait UIInterfaceOrientationLandscapeLeft UIInterfaceOrientationLandscapeRight";
				INFOPLIST_KEY_UISupportedInterfaceOrientations_iPad = "UIInterfaceOrientationPortrait UIInterfaceOrientationPortraitUpsideDown UIInterfaceOrientationLandscapeLeft UIInterfaceOrientationLandscapeRight";
				INFOPLIST_KEY_UISupportedInterfaceOrientations_iPhone = "UIInterfaceOrientationPortrait UIInterfaceOrientationLandscapeLeft UIInterfaceOrientationLandscapeRight";
				IPHONEOS_DEPLOYMENT_TARGET = 15.2;
				LD_RUNPATH_SEARCH_PATHS = (
					"$(inherited)",
					"@executable_path/Frameworks",
				);
				MARKETING_VERSION = 1.0;
				PRODUCT_BUNDLE_IDENTIFIER = com.hamitseyrek.SimpleSocialApp;
				PRODUCT_NAME = "$(TARGET_NAME)";
				SWIFT_EMIT_LOC_STRINGS = YES;
				SWIFT_VERSION = 5.0;
				TARGETED_DEVICE_FAMILY = "1,2";
			};
			name = Release;
		};
/* End XCBuildConfiguration section */

/* Begin XCConfigurationList section */
		5E41097127A5E0E6000F7857 /* Build configuration list for PBXProject "SimpleSocialApp" */ = {
			isa = XCConfigurationList;
			buildConfigurations = (
				5E41098827A5E0EA000F7857 /* Debug */,
				5E41098927A5E0EA000F7857 /* Release */,
			);
			defaultConfigurationIsVisible = 0;
			defaultConfigurationName = Release;
		};
		5E41098A27A5E0EA000F7857 /* Build configuration list for PBXNativeTarget "SimpleSocialApp" */ = {
			isa = XCConfigurationList;
			buildConfigurations = (
				5E41098B27A5E0EA000F7857 /* Debug */,
				5E41098C27A5E0EA000F7857 /* Release */,
			);
			defaultConfigurationIsVisible = 0;
			defaultConfigurationName = Release;
		};
/* End XCConfigurationList section */
	};
	rootObject = 5E41096E27A5E0E6000F7857 /* Project object */;
}
